
Microsoft Visual Studio Solution File, Format Version 12.00
# Visual Studio Version 17
VisualStudioVersion = 17.9.34622.214
MinimumVisualStudioVersion = 10.0.40219.1
Project("{FAE04EC0-301F-11D3-BF4B-00C04F79EFBC}") = "DotNetCoreAdvance", "DotNetCoreAdvance\DotNetCoreAdvance.csproj", "{47D7B33D-B2A1-4C2F-8786-95DBC9F528CE}"
EndProject
Global
	GlobalSection(SolutionConfigurationPlatforms) = preSolution
		Debug|Any CPU = Debug|Any CPU
		Release|Any CPU = Release|Any CPU
	EndGlobalSection
	GlobalSection(ProjectConfigurationPlatforms) = postSolution
		{47D7B33D-B2A1-4C2F-8786-95DBC9F528CE}.Debug|Any CPU.ActiveCfg = Debug|Any CPU
		{47D7B33D-B2A1-4C2F-8786-95DBC9F528CE}.Debug|Any CPU.Build.0 = Debug|Any CPU
		{47D7B33D-B2A1-4C2F-8786-95DBC9F528CE}.Release|Any CPU.ActiveCfg = Release|Any CPU
		{47D7B33D-B2A1-4C2F-8786-95DBC9F528CE}.Release|Any CPU.Build.0 = Release|Any CPU
	EndGlobalSection
	GlobalSection(SolutionProperties) = preSolution
		HideSolutionNode = FALSE
	EndGlobalSection
	GlobalSection(ExtensibilityGlobals) = postSolution
		SolutionGuid = {D55B7803-47DE-44CF-ABD6-CDFD0177E678}
	EndGlobalSection
EndGlobal
